
Microsoft Visual Studio Solution File, Format Version 12.00
# Visual Studio Version 17
VisualStudioVersion = 17.9.34728.123
MinimumVisualStudioVersion = 10.0.40219.1
Project("{FAE04EC0-301F-11D3-BF4B-00C04F79EFBC}") = "EmailProvider", "EmailProvider\EmailProvider.csproj", "{DC82C2BB-2B85-40F0-A32A-1A3ACB803041}"
EndProject
Global
	GlobalSection(SolutionConfigurationPlatforms) = preSolution
		Debug|Any CPU = Debug|Any CPU
		Release|Any CPU = Release|Any CPU
	EndGlobalSection
	GlobalSection(ProjectConfigurationPlatforms) = postSolution
		{DC82C2BB-2B85-40F0-A32A-1A3ACB803041}.Debug|Any CPU.ActiveCfg = Debug|Any CPU
		{DC82C2BB-2B85-40F0-A32A-1A3ACB803041}.Debug|Any CPU.Build.0 = Debug|Any CPU
		{DC82C2BB-2B85-40F0-A32A-1A3ACB803041}.Release|Any CPU.ActiveCfg = Release|Any CPU
		{DC82C2BB-2B85-40F0-A32A-1A3ACB803041}.Release|Any CPU.Build.0 = Release|Any CPU
	EndGlobalSection
	GlobalSection(SolutionProperties) = preSolution
		HideSolutionNode = FALSE
	EndGlobalSection
	GlobalSection(ExtensibilityGlobals) = postSolution
		SolutionGuid = {34203D76-6945-4428-BF71-E695A057AEDC}
	EndGlobalSection
EndGlobal
